
Microsoft Visual Studio Solution File, Format Version 12.00
# Visual Studio 2012
Project("{FAE04EC0-301F-11D3-BF4B-00C04F79EFBC}") = "KiipSDKXamarin.Droid", "KiipSDKXamarin.Droid\KiipSDKXamarin.Droid.csproj", "{FEB74B95-8E3B-4599-B734-1F99B281F5A4}"
EndProject
Project("{FAE04EC0-301F-11D3-BF4B-00C04F79EFBC}") = "KiipSDKXamarin.Touch", "KiipSDKXamarin.Touch\KiipSDKXamarin.Touch.csproj", "{75D98C2F-4EBC-43DD-9291-1F217476119E}"
EndProject
Global
	GlobalSection(SolutionConfigurationPlatforms) = preSolution
		Debug|Any CPU = Debug|Any CPU
		Release|Any CPU = Release|Any CPU
	EndGlobalSection
	GlobalSection(ProjectConfigurationPlatforms) = postSolution
		{75D98C2F-4EBC-43DD-9291-1F217476119E}.Debug|Any CPU.ActiveCfg = Debug|Any CPU
		{75D98C2F-4EBC-43DD-9291-1F217476119E}.Debug|Any CPU.Build.0 = Debug|Any CPU
		{75D98C2F-4EBC-43DD-9291-1F217476119E}.Release|Any CPU.ActiveCfg = Release|Any CPU
		{75D98C2F-4EBC-43DD-9291-1F217476119E}.Release|Any CPU.Build.0 = Release|Any CPU
		{FEB74B95-8E3B-4599-B734-1F99B281F5A4}.Debug|Any CPU.ActiveCfg = Debug|Any CPU
		{FEB74B95-8E3B-4599-B734-1F99B281F5A4}.Debug|Any CPU.Build.0 = Debug|Any CPU
		{FEB74B95-8E3B-4599-B734-1F99B281F5A4}.Release|Any CPU.ActiveCfg = Release|Any CPU
		{FEB74B95-8E3B-4599-B734-1F99B281F5A4}.Release|Any CPU.Build.0 = Release|Any CPU
	EndGlobalSection
EndGlobal
